{
  "name": "nlp",
  "version": "1.0.0",
  "lockfileVersion": 2,
  "requires": true,
  "packages": {
    "": {
      "name": "nlp",
      "version": "1.0.0",
      "license": "ISC",
      "dependencies": {
        "wink-eng-lite-web-model": "^1.4.3",
        "wink-nlp": "^1.12.0"
      }
    },
    "node_modules/wink-eng-lite-web-model": {
      "version": "1.4.3",
      "resolved": "https://registry.npmjs.org/wink-eng-lite-web-model/-/wink-eng-lite-web-model-1.4.3.tgz",
      "integrity": "sha512-HAx6nmDdoCucs4RnPhlxpTqiw0/MYiiGtSyfykYM03KTxvCVjX6HNtdfBhmdUeGLzGh0M/D4WJANU42qH6/1nA==",
      "engines": {
        "node": ">=16.0.0"
      },
      "peerDependencies": {
        "wink-nlp": ">1.8.1"
      }
    },
    "node_modules/wink-nlp": {
      "version": "1.12.0",
      "resolved": "https://registry.npmjs.org/wink-nlp/-/wink-nlp-1.12.0.tgz",
      "integrity": "sha512-HwP1rVGJ+IfkC7naeKCRnhjXNO9vhHCuIYeunFIO8MutXUD4yLkkjwwGM8J+apfWdUogopbcHyPRIPvUQdRheQ=="
    }
  },
  "dependencies": {
    "wink-eng-lite-web-model": {
      "version": "1.4.3",
      "resolved": "https://registry.npmjs.org/wink-eng-lite-web-model/-/wink-eng-lite-web-model-1.4.3.tgz",
      "integrity": "sha512-HAx6nmDdoCucs4RnPhlxpTqiw0/MYiiGtSyfykYM03KTxvCVjX6HNtdfBhmdUeGLzGh0M/D4WJANU42qH6/1nA==",
      "requires": {}
    },
    "wink-nlp": {
      "version": "1.12.0",
      "resolved": "https://registry.npmjs.org/wink-nlp/-/wink-nlp-1.12.0.tgz",
      "integrity": "sha512-HwP1rVGJ+IfkC7naeKCRnhjXNO9vhHCuIYeunFIO8MutXUD4yLkkjwwGM8J+apfWdUogopbcHyPRIPvUQdRheQ=="
    }
  }
}
